{
  "version": 4,
  "terraform_version": "0.12.24",
  "serial": 1,
  "lineage": "946ee6d2-ac72-f80c-5197-c7d1a8d72a96",
  "outputs": {},
  "resources": [
    {
      "mode": "managed",
      "type": "aws_vpc",
      "name": "dev",
      "provider": "provider.aws",
      "instances": [
        {
          "schema_version": 1,
          "attributes": {
            "arn": "arn:aws:ec2:us-east-1:780354157690:vpc/vpc-09435146a00de7b99",
            "assign_generated_ipv6_cidr_block": false,
            "cidr_block": "10.32.0.0/16",
            "default_network_acl_id": "acl-006a463e9b8b5bab0",
            "default_route_table_id": "rtb-0060885677eae28e9",
            "default_security_group_id": "sg-03fa06c13878928fb",
            "dhcp_options_id": "dopt-812034e3",
            "enable_classiclink": false,
            "enable_classiclink_dns_support": false,
            "enable_dns_hostnames": true,
            "enable_dns_support": true,
            "id": "vpc-09435146a00de7b99",
            "instance_tenancy": "default",
            "ipv6_association_id": "",
            "ipv6_cidr_block": "",
            "main_route_table_id": "rtb-0060885677eae28e9",
            "owner_id": "780354157690",
            "tags": null
          },
          "private": "eyJzY2hlbWFfdmVyc2lvbiI6IjEifQ=="
        }
      ]
    }
  ]
}
